{
  "nodes": {
    "autokerasSrc": {
      "flake": false,
      "locked": {
        "lastModified": 1628305451,
        "narHash": "sha256-L2w5SaUq6PDmL1MwHzZLF9qslcvS1v7haC+lxc3XGg4=",
        "owner": "keras-team",
        "repo": "autokeras",
        "rev": "e503c51cc2875a5b759998c18182fa93fcd598f1",
        "type": "github"
      },
      "original": {
        "owner": "keras-team",
        "ref": "1.0.16",
        "repo": "autokeras",
        "type": "github"
      }
    },
    "kerasTunerSrc": {
      "flake": false,
      "locked": {
        "lastModified": 1636132191,
        "narHash": "sha256-DOMAz7Yjb3vfKYqjnhJZYhV1hrTgeOzkHc48XHUNrmM=",
        "owner": "keras-team",
        "repo": "keras-tuner",
        "rev": "4146d8e3182df6c4ce928e853a7b3c977ab00034",
        "type": "github"
      },
      "original": {
        "owner": "keras-team",
        "ref": "1.1.0",
        "repo": "keras-tuner",
        "type": "github"
      }
    },
    "ktLegacySrc": {
      "flake": false,
      "locked": {
        "lastModified": 1628631947,
        "narHash": "sha256-BYe9boMpoGdFuhEfhXRytxmLq89hjejofDTugoYi0kY=",
        "owner": "haifeng-jin",
        "repo": "kt-legacy",
        "rev": "15686b5e2d25b7094134d68956b2edce5dffa7a0",
        "type": "github"
      },
      "original": {
        "owner": "haifeng-jin",
        "repo": "kt-legacy",
        "type": "github"
      }
    },
    "nixpkgs": {
      "locked": {
        "lastModified": 1638239011,
        "narHash": "sha256-AjhmbT4UBlJWqxY0ea8a6GU2C2HdKUREkG43oRr3TZg=",
        "owner": "NixOS",
        "repo": "nixpkgs",
        "rev": "a7ecde854aee5c4c7cd6177f54a99d2c1ff28a31",
        "type": "github"
      },
      "original": {
        "owner": "NixOS",
        "ref": "21.11",
        "repo": "nixpkgs",
        "type": "github"
      }
    },
    "nixpkgs-tf24": {
      "locked": {
        "lastModified": 1640124808,
        "narHash": "sha256-oBh3UrgAjfFt3nYtkKeyjfOuIPKCdh8HK0Lu2P7voXU=",
        "owner": "NixOS",
        "repo": "nixpkgs",
        "rev": "746b1b9d69263235b64f19337734fe57c5806ba8",
        "type": "github"
      },
      "original": {
        "owner": "NixOS",
        "repo": "nixpkgs",
        "rev": "746b1b9d69263235b64f19337734fe57c5806ba8",
        "type": "github"
      }
    },
    "overlays": {
      "inputs": {
        "autokerasSrc": "autokerasSrc",
        "kerasTunerSrc": "kerasTunerSrc",
        "ktLegacySrc": "ktLegacySrc"
      },
      "locked": {
        "narHash": "sha256-UGNlojJHdhZ5OT6eVlgqylTBNbyGVzHSXj0GOGDIhPk=",
        "path": "/home/david/Code/overlays",
        "type": "path"
      },
      "original": {
        "path": "/home/david/Code/overlays",
        "type": "path"
      }
    },
    "root": {
      "inputs": {
        "nixpkgs": "nixpkgs",
        "nixpkgs-tf24": "nixpkgs-tf24",
        "overlays": "overlays"
      }
    }
  },
  "root": "root",
  "version": 7
}
